
Microsoft Visual Studio Solution File, Format Version 12.00
# Visual Studio Version 16
VisualStudioVersion = 16.0.31129.286
MinimumVisualStudioVersion = 10.0.40219.1
Project("{FAE04EC0-301F-11D3-BF4B-00C04F79EFBC}") = "Chat", "Chat\Chat.csproj", "{E75B7912-38B3-4D07-8B5C-5875F937228D}"
	ProjectSection(ProjectDependencies) = postProject
		{23F6B746-B440-4FE9-B2CA-F746C43B558D} = {23F6B746-B440-4FE9-B2CA-F746C43B558D}
	EndProjectSection
EndProject
Project("{FAE04EC0-301F-11D3-BF4B-00C04F79EFBC}") = "WS", "WS\WS.csproj", "{23F6B746-B440-4FE9-B2CA-F746C43B558D}"
EndProject
Global
	GlobalSection(SolutionConfigurationPlatforms) = preSolution
		Debug|Any CPU = Debug|Any CPU
		Release|Any CPU = Release|Any CPU
	EndGlobalSection
	GlobalSection(ProjectConfigurationPlatforms) = postSolution
		{E75B7912-38B3-4D07-8B5C-5875F937228D}.Debug|Any CPU.ActiveCfg = Debug|Any CPU
		{E75B7912-38B3-4D07-8B5C-5875F937228D}.Debug|Any CPU.Build.0 = Debug|Any CPU
		{E75B7912-38B3-4D07-8B5C-5875F937228D}.Release|Any CPU.ActiveCfg = Release|Any CPU
		{E75B7912-38B3-4D07-8B5C-5875F937228D}.Release|Any CPU.Build.0 = Release|Any CPU
		{23F6B746-B440-4FE9-B2CA-F746C43B558D}.Debug|Any CPU.ActiveCfg = Debug|Any CPU
		{23F6B746-B440-4FE9-B2CA-F746C43B558D}.Debug|Any CPU.Build.0 = Debug|Any CPU
		{23F6B746-B440-4FE9-B2CA-F746C43B558D}.Release|Any CPU.ActiveCfg = Release|Any CPU
		{23F6B746-B440-4FE9-B2CA-F746C43B558D}.Release|Any CPU.Build.0 = Release|Any CPU
	EndGlobalSection
	GlobalSection(SolutionProperties) = preSolution
		HideSolutionNode = FALSE
	EndGlobalSection
	GlobalSection(ExtensibilityGlobals) = postSolution
		SolutionGuid = {8F2CA84E-FF3C-4880-8E41-31D07A9FEE3B}
	EndGlobalSection
EndGlobal
